
Microsoft Visual Studio Solution File, Format Version 12.00
# Visual Studio 15
VisualStudioVersion = 15.0.27729.1
MinimumVisualStudioVersion = 10.0.40219.1
Project("{FAE04EC0-301F-11D3-BF4B-00C04F79EFBC}") = "ReferenceMicrosoftDevices", "ReferenceMicrosoftDevices\ReferenceMicrosoftDevices.csproj", "{BAE1D61F-39A7-43BC-920A-382FF99219B7}"
EndProject
Project("{9A19103F-16F7-4668-BE54-9A1E7A4F7556}") = "ReferenceMicrosoftDevices_v2", "ReferenceMicrosoftDevices_v2\ReferenceMicrosoftDevices_v2.csproj", "{22BE7F06-CA00-4B34-A3D3-EB66CD6ACA8E}"
EndProject
Global
	GlobalSection(SolutionConfigurationPlatforms) = preSolution
		Debug|Any CPU = Debug|Any CPU
		Release|Any CPU = Release|Any CPU
	EndGlobalSection
	GlobalSection(ProjectConfigurationPlatforms) = postSolution
		{BAE1D61F-39A7-43BC-920A-382FF99219B7}.Debug|Any CPU.ActiveCfg = Debug|Any CPU
		{BAE1D61F-39A7-43BC-920A-382FF99219B7}.Debug|Any CPU.Build.0 = Debug|Any CPU
		{BAE1D61F-39A7-43BC-920A-382FF99219B7}.Release|Any CPU.ActiveCfg = Release|Any CPU
		{BAE1D61F-39A7-43BC-920A-382FF99219B7}.Release|Any CPU.Build.0 = Release|Any CPU
		{22BE7F06-CA00-4B34-A3D3-EB66CD6ACA8E}.Debug|Any CPU.ActiveCfg = Debug|Any CPU
		{22BE7F06-CA00-4B34-A3D3-EB66CD6ACA8E}.Debug|Any CPU.Build.0 = Debug|Any CPU
		{22BE7F06-CA00-4B34-A3D3-EB66CD6ACA8E}.Release|Any CPU.ActiveCfg = Release|Any CPU
		{22BE7F06-CA00-4B34-A3D3-EB66CD6ACA8E}.Release|Any CPU.Build.0 = Release|Any CPU
	EndGlobalSection
	GlobalSection(SolutionProperties) = preSolution
		HideSolutionNode = FALSE
	EndGlobalSection
	GlobalSection(ExtensibilityGlobals) = postSolution
		SolutionGuid = {0A8094B5-38CC-4E09-B6DC-9400011A9DB5}
	EndGlobalSection
EndGlobal
