
Microsoft Visual Studio Solution File, Format Version 12.00
# Visual Studio 15
VisualStudioVersion = 15.0.27130.2027
MinimumVisualStudioVersion = 10.0.40219.1
Project("{FAE04EC0-301F-11D3-BF4B-00C04F79EFBC}") = "ReferenceProjectThatDependsOnNewerJsonNet", "ReferenceProjectThatDependsOnNewerJsonNet\ReferenceProjectThatDependsOnNewerJsonNet.csproj", "{B3C3C5C2-6475-40A7-861B-6153A4D57D13}"
EndProject
Project("{FAE04EC0-301F-11D3-BF4B-00C04F79EFBC}") = "NetStandardClassLibraryUsingNewerJsonNet", "NetStandardClassLibraryUsingNewerJsonNet\NetStandardClassLibraryUsingNewerJsonNet.csproj", "{73F327AB-D2B3-47B2-8B02-2574CA7C60D8}"
EndProject
Global
	GlobalSection(SolutionConfigurationPlatforms) = preSolution
		Debug|Any CPU = Debug|Any CPU
		Release|Any CPU = Release|Any CPU
	EndGlobalSection
	GlobalSection(ProjectConfigurationPlatforms) = postSolution
		{B3C3C5C2-6475-40A7-861B-6153A4D57D13}.Debug|Any CPU.ActiveCfg = Debug|Any CPU
		{B3C3C5C2-6475-40A7-861B-6153A4D57D13}.Debug|Any CPU.Build.0 = Debug|Any CPU
		{B3C3C5C2-6475-40A7-861B-6153A4D57D13}.Release|Any CPU.ActiveCfg = Release|Any CPU
		{B3C3C5C2-6475-40A7-861B-6153A4D57D13}.Release|Any CPU.Build.0 = Release|Any CPU
		{73F327AB-D2B3-47B2-8B02-2574CA7C60D8}.Debug|Any CPU.ActiveCfg = Debug|Any CPU
		{73F327AB-D2B3-47B2-8B02-2574CA7C60D8}.Debug|Any CPU.Build.0 = Debug|Any CPU
		{73F327AB-D2B3-47B2-8B02-2574CA7C60D8}.Release|Any CPU.ActiveCfg = Release|Any CPU
		{73F327AB-D2B3-47B2-8B02-2574CA7C60D8}.Release|Any CPU.Build.0 = Release|Any CPU
	EndGlobalSection
	GlobalSection(SolutionProperties) = preSolution
		HideSolutionNode = FALSE
	EndGlobalSection
	GlobalSection(ExtensibilityGlobals) = postSolution
		SolutionGuid = {728B98DB-6723-4C78-9F1A-620B01B78D13}
	EndGlobalSection
EndGlobal
